// !$*UTF8*$!
{
	archiveVersion = 1;
	classes = {
	};
	objectVersion = 56;
	objects = {

/* Begin PBXBuildFile section */
		BC7DFEA52B17184300267B43 /* AppDelegate.swift in Sources */ = {isa = PBXBuildFile; fileRef = BC7DFEA42B17184300267B43 /* AppDelegate.swift */; };
		BC7DFEAE2B17184500267B43 /* Assets.xcassets in Resources */ = {isa = PBXBuildFile; fileRef = BC7DFEAD2B17184500267B43 /* Assets.xcassets */; };
		BC7DFEB12B17184500267B43 /* LaunchScreen.storyboard in Resources */ = {isa = PBXBuildFile; fileRef = BC7DFEAF2B17184500267B43 /* LaunchScreen.storyboard */; };
		BC7DFEBD2B1718AD00267B43 /* MainViewController.swift in Sources */ = {isa = PBXBuildFile; fileRef = BC7DFEBC2B1718AD00267B43 /* MainViewController.swift */; };
		BC7DFEC02B1718C600267B43 /* MainView.swift in Sources */ = {isa = PBXBuildFile; fileRef = BC7DFEBF2B1718C600267B43 /* MainView.swift */; };
		BC7DFEC22B1718D100267B43 /* MainViewModel.swift in Sources */ = {isa = PBXBuildFile; fileRef = BC7DFEC12B1718D100267B43 /* MainViewModel.swift */; };
		BC7DFEC42B1718DC00267B43 /* DetailViewController.swift in Sources */ = {isa = PBXBuildFile; fileRef = BC7DFEC32B1718DC00267B43 /* DetailViewController.swift */; };
		BC7DFEC62B1718E600267B43 /* DetailView.swift in Sources */ = {isa = PBXBuildFile; fileRef = BC7DFEC52B1718E600267B43 /* DetailView.swift */; };
		BC7DFEC82B1718F400267B43 /* DetailViewModel.swift in Sources */ = {isa = PBXBuildFile; fileRef = BC7DFEC72B1718F400267B43 /* DetailViewModel.swift */; };
		BC7DFECB2B17190400267B43 /* BaseViewController.swift in Sources */ = {isa = PBXBuildFile; fileRef = BC7DFECA2B17190400267B43 /* BaseViewController.swift */; };
		BC7DFECD2B17190B00267B43 /* BaseView.swift in Sources */ = {isa = PBXBuildFile; fileRef = BC7DFECC2B17190B00267B43 /* BaseView.swift */; };
		BC7DFECF2B17191600267B43 /* BaseViewModel.swift in Sources */ = {isa = PBXBuildFile; fileRef = BC7DFECE2B17191600267B43 /* BaseViewModel.swift */; };
		BC7DFED32B17193800267B43 /* MainTableViewCell.swift in Sources */ = {isa = PBXBuildFile; fileRef = BC7DFED22B17193800267B43 /* MainTableViewCell.swift */; };
		BC7DFED62B17195100267B43 /* UIColorExtension.swift in Sources */ = {isa = PBXBuildFile; fileRef = BC7DFED52B17195100267B43 /* UIColorExtension.swift */; };
		BC7DFED92B171AE000267B43 /* Alamofire in Frameworks */ = {isa = PBXBuildFile; productRef = BC7DFED82B171AE000267B43 /* Alamofire */; };
		BC7DFEDC2B171AEC00267B43 /* SDWebImage in Frameworks */ = {isa = PBXBuildFile; productRef = BC7DFEDB2B171AEC00267B43 /* SDWebImage */; };
		BC7DFEDE2B171AEC00267B43 /* SDWebImageMapKit in Frameworks */ = {isa = PBXBuildFile; productRef = BC7DFEDD2B171AEC00267B43 /* SDWebImageMapKit */; };
		BC7DFEE12B171B3200267B43 /* RxBlocking in Frameworks */ = {isa = PBXBuildFile; productRef = BC7DFEE02B171B3200267B43 /* RxBlocking */; };
		BC7DFEE32B171B3200267B43 /* RxBlocking-Dynamic in Frameworks */ = {isa = PBXBuildFile; productRef = BC7DFEE22B171B3200267B43 /* RxBlocking-Dynamic */; };
		BC7DFEE52B171B3200267B43 /* RxCocoa in Frameworks */ = {isa = PBXBuildFile; productRef = BC7DFEE42B171B3200267B43 /* RxCocoa */; };
		BC7DFEE72B171B3200267B43 /* RxCocoa-Dynamic in Frameworks */ = {isa = PBXBuildFile; productRef = BC7DFEE62B171B3200267B43 /* RxCocoa-Dynamic */; };
		BC7DFEE92B171B3200267B43 /* RxRelay in Frameworks */ = {isa = PBXBuildFile; productRef = BC7DFEE82B171B3200267B43 /* RxRelay */; };
/* End PBXBuildFile section */

/* Begin PBXFileReference section */
		BC7DFEA12B17184300267B43 /* TeknasyonDemo.app */ = {isa = PBXFileReference; explicitFileType = wrapper.application; includeInIndex = 0; path = TeknasyonDemo.app; sourceTree = BUILT_PRODUCTS_DIR; };
		BC7DFEA42B17184300267B43 /* AppDelegate.swift */ = {isa = PBXFileReference; lastKnownFileType = sourcecode.swift; path = AppDelegate.swift; sourceTree = "<group>"; };
		BC7DFEAD2B17184500267B43 /* Assets.xcassets */ = {isa = PBXFileReference; lastKnownFileType = folder.assetcatalog; path = Assets.xcassets; sourceTree = "<group>"; };
		BC7DFEB02B17184500267B43 /* Base */ = {isa = PBXFileReference; lastKnownFileType = file.storyboard; name = Base; path = Base.lproj/LaunchScreen.storyboard; sourceTree = "<group>"; };
		BC7DFEB22B17184500267B43 /* Info.plist */ = {isa = PBXFileReference; lastKnownFileType = text.plist.xml; path = Info.plist; sourceTree = "<group>"; };
		BC7DFEBC2B1718AD00267B43 /* MainViewController.swift */ = {isa = PBXFileReference; lastKnownFileType = sourcecode.swift; path = MainViewController.swift; sourceTree = "<group>"; };
		BC7DFEBF2B1718C600267B43 /* MainView.swift */ = {isa = PBXFileReference; lastKnownFileType = sourcecode.swift; path = MainView.swift; sourceTree = "<group>"; };
		BC7DFEC12B1718D100267B43 /* MainViewModel.swift */ = {isa = PBXFileReference; lastKnownFileType = sourcecode.swift; path = MainViewModel.swift; sourceTree = "<group>"; };
		BC7DFEC32B1718DC00267B43 /* DetailViewController.swift */ = {isa = PBXFileReference; lastKnownFileType = sourcecode.swift; path = DetailViewController.swift; sourceTree = "<group>"; };
		BC7DFEC52B1718E600267B43 /* DetailView.swift */ = {isa = PBXFileReference; lastKnownFileType = sourcecode.swift; path = DetailView.swift; sourceTree = "<group>"; };
		BC7DFEC72B1718F400267B43 /* DetailViewModel.swift */ = {isa = PBXFileReference; lastKnownFileType = sourcecode.swift; path = DetailViewModel.swift; sourceTree = "<group>"; };
		BC7DFECA2B17190400267B43 /* BaseViewController.swift */ = {isa = PBXFileReference; lastKnownFileType = sourcecode.swift; path = BaseViewController.swift; sourceTree = "<group>"; };
		BC7DFECC2B17190B00267B43 /* BaseView.swift */ = {isa = PBXFileReference; lastKnownFileType = sourcecode.swift; path = BaseView.swift; sourceTree = "<group>"; };
		BC7DFECE2B17191600267B43 /* BaseViewModel.swift */ = {isa = PBXFileReference; lastKnownFileType = sourcecode.swift; path = BaseViewModel.swift; sourceTree = "<group>"; };
		BC7DFED22B17193800267B43 /* MainTableViewCell.swift */ = {isa = PBXFileReference; lastKnownFileType = sourcecode.swift; path = MainTableViewCell.swift; sourceTree = "<group>"; };
		BC7DFED52B17195100267B43 /* UIColorExtension.swift */ = {isa = PBXFileReference; lastKnownFileType = sourcecode.swift; path = UIColorExtension.swift; sourceTree = "<group>"; };
/* End PBXFileReference section */

/* Begin PBXFrameworksBuildPhase section */
		BC7DFE9E2B17184300267B43 /* Frameworks */ = {
			isa = PBXFrameworksBuildPhase;
			buildActionMask = 2147483647;
			files = (
				BC7DFEE52B171B3200267B43 /* RxCocoa in Frameworks */,
				BC7DFEE72B171B3200267B43 /* RxCocoa-Dynamic in Frameworks */,
				BC7DFEDC2B171AEC00267B43 /* SDWebImage in Frameworks */,
				BC7DFEE12B171B3200267B43 /* RxBlocking in Frameworks */,
				BC7DFEDE2B171AEC00267B43 /* SDWebImageMapKit in Frameworks */,
				BC7DFED92B171AE000267B43 /* Alamofire in Frameworks */,
				BC7DFEE92B171B3200267B43 /* RxRelay in Frameworks */,
				BC7DFEE32B171B3200267B43 /* RxBlocking-Dynamic in Frameworks */,
			);
			runOnlyForDeploymentPostprocessing = 0;
		};
/* End PBXFrameworksBuildPhase section */

/* Begin PBXGroup section */
		BC7DFE982B17184300267B43 = {
			isa = PBXGroup;
			children = (
				BC7DFEA32B17184300267B43 /* TeknasyonDemo */,
				BC7DFEA22B17184300267B43 /* Products */,
			);
			sourceTree = "<group>";
		};
		BC7DFEA22B17184300267B43 /* Products */ = {
			isa = PBXGroup;
			children = (
				BC7DFEA12B17184300267B43 /* TeknasyonDemo.app */,
			);
			name = Products;
			sourceTree = "<group>";
		};
		BC7DFEA32B17184300267B43 /* TeknasyonDemo */ = {
			isa = PBXGroup;
			children = (
				BC7DFED42B17194000267B43 /* Extensions */,
				BC7DFED02B17191F00267B43 /* Cell */,
				BC7DFEB82B17187E00267B43 /* Screens */,
				BC7DFEA42B17184300267B43 /* AppDelegate.swift */,
				BC7DFEAD2B17184500267B43 /* Assets.xcassets */,
				BC7DFEAF2B17184500267B43 /* LaunchScreen.storyboard */,
				BC7DFEB22B17184500267B43 /* Info.plist */,
			);
			path = TeknasyonDemo;
			sourceTree = "<group>";
		};
		BC7DFEB82B17187E00267B43 /* Screens */ = {
			isa = PBXGroup;
			children = (
				BC7DFEC92B1718FA00267B43 /* Base */,
				BC7DFEBB2B17189A00267B43 /* Main */,
				BC7DFEBE2B1718B100267B43 /* Detail */,
			);
			path = Screens;
			sourceTree = "<group>";
		};
		BC7DFEBB2B17189A00267B43 /* Main */ = {
			isa = PBXGroup;
			children = (
				BC7DFEBC2B1718AD00267B43 /* MainViewController.swift */,
				BC7DFEBF2B1718C600267B43 /* MainView.swift */,
				BC7DFEC12B1718D100267B43 /* MainViewModel.swift */,
			);
			path = Main;
			sourceTree = "<group>";
		};
		BC7DFEBE2B1718B100267B43 /* Detail */ = {
			isa = PBXGroup;
			children = (
				BC7DFEC32B1718DC00267B43 /* DetailViewController.swift */,
				BC7DFEC52B1718E600267B43 /* DetailView.swift */,
				BC7DFEC72B1718F400267B43 /* DetailViewModel.swift */,
			);
			path = Detail;
			sourceTree = "<group>";
		};
		BC7DFEC92B1718FA00267B43 /* Base */ = {
			isa = PBXGroup;
			children = (
				BC7DFECA2B17190400267B43 /* BaseViewController.swift */,
				BC7DFECC2B17190B00267B43 /* BaseView.swift */,
				BC7DFECE2B17191600267B43 /* BaseViewModel.swift */,
			);
			path = Base;
			sourceTree = "<group>";
		};
		BC7DFED02B17191F00267B43 /* Cell */ = {
			isa = PBXGroup;
			children = (
				BC7DFED12B17192300267B43 /* Main */,
			);
			path = Cell;
			sourceTree = "<group>";
		};
		BC7DFED12B17192300267B43 /* Main */ = {
			isa = PBXGroup;
			children = (
				BC7DFED22B17193800267B43 /* MainTableViewCell.swift */,
			);
			path = Main;
			sourceTree = "<group>";
		};
		BC7DFED42B17194000267B43 /* Extensions */ = {
			isa = PBXGroup;
			children = (
				BC7DFED52B17195100267B43 /* UIColorExtension.swift */,
			);
			path = Extensions;
			sourceTree = "<group>";
		};
/* End PBXGroup section */

/* Begin PBXNativeTarget section */
		BC7DFEA02B17184300267B43 /* TeknasyonDemo */ = {
			isa = PBXNativeTarget;
			buildConfigurationList = BC7DFEB52B17184500267B43 /* Build configuration list for PBXNativeTarget "TeknasyonDemo" */;
			buildPhases = (
				BC7DFE9D2B17184300267B43 /* Sources */,
				BC7DFE9E2B17184300267B43 /* Frameworks */,
				BC7DFE9F2B17184300267B43 /* Resources */,
			);
			buildRules = (
			);
			dependencies = (
			);
			name = TeknasyonDemo;
			packageProductDependencies = (
				BC7DFED82B171AE000267B43 /* Alamofire */,
				BC7DFEDB2B171AEC00267B43 /* SDWebImage */,
				BC7DFEDD2B171AEC00267B43 /* SDWebImageMapKit */,
				BC7DFEE02B171B3200267B43 /* RxBlocking */,
				BC7DFEE22B171B3200267B43 /* RxBlocking-Dynamic */,
				BC7DFEE42B171B3200267B43 /* RxCocoa */,
				BC7DFEE62B171B3200267B43 /* RxCocoa-Dynamic */,
				BC7DFEE82B171B3200267B43 /* RxRelay */,
			);
			productName = TeknasyonDemo;
			productReference = BC7DFEA12B17184300267B43 /* TeknasyonDemo.app */;
			productType = "com.apple.product-type.application";
		};
/* End PBXNativeTarget section */

/* Begin PBXProject section */
		BC7DFE992B17184300267B43 /* Project object */ = {
			isa = PBXProject;
			attributes = {
				BuildIndependentTargetsInParallel = 1;
				LastSwiftUpdateCheck = 1500;
				LastUpgradeCheck = 1500;
				TargetAttributes = {
					BC7DFEA02B17184300267B43 = {
						CreatedOnToolsVersion = 15.0;
					};
				};
			};
			buildConfigurationList = BC7DFE9C2B17184300267B43 /* Build configuration list for PBXProject "TeknasyonDemo" */;
			compatibilityVersion = "Xcode 14.0";
			developmentRegion = en;
			hasScannedForEncodings = 0;
			knownRegions = (
				en,
				Base,
			);
			mainGroup = BC7DFE982B17184300267B43;
			packageReferences = (
				BC7DFED72B171AE000267B43 /* XCRemoteSwiftPackageReference "Alamofire" */,
				BC7DFEDA2B171AEC00267B43 /* XCRemoteSwiftPackageReference "SDWebImage" */,
				BC7DFEDF2B171B3200267B43 /* XCRemoteSwiftPackageReference "RxSwift" */,
			);
			productRefGroup = BC7DFEA22B17184300267B43 /* Products */;
			projectDirPath = "";
			projectRoot = "";
			targets = (
				BC7DFEA02B17184300267B43 /* TeknasyonDemo */,
			);
		};
/* End PBXProject section */

/* Begin PBXResourcesBuildPhase section */
		BC7DFE9F2B17184300267B43 /* Resources */ = {
			isa = PBXResourcesBuildPhase;
			buildActionMask = 2147483647;
			files = (
				BC7DFEB12B17184500267B43 /* LaunchScreen.storyboard in Resources */,
				BC7DFEAE2B17184500267B43 /* Assets.xcassets in Resources */,
			);
			runOnlyForDeploymentPostprocessing = 0;
		};
/* End PBXResourcesBuildPhase section */

/* Begin PBXSourcesBuildPhase section */
		BC7DFE9D2B17184300267B43 /* Sources */ = {
			isa = PBXSourcesBuildPhase;
			buildActionMask = 2147483647;
			files = (
				BC7DFED32B17193800267B43 /* MainTableViewCell.swift in Sources */,
				BC7DFEA52B17184300267B43 /* AppDelegate.swift in Sources */,
				BC7DFECF2B17191600267B43 /* BaseViewModel.swift in Sources */,
				BC7DFEC62B1718E600267B43 /* DetailView.swift in Sources */,
				BC7DFEC82B1718F400267B43 /* DetailViewModel.swift in Sources */,
				BC7DFEC02B1718C600267B43 /* MainView.swift in Sources */,
				BC7DFEC42B1718DC00267B43 /* DetailViewController.swift in Sources */,
				BC7DFECB2B17190400267B43 /* BaseViewController.swift in Sources */,
				BC7DFECD2B17190B00267B43 /* BaseView.swift in Sources */,
				BC7DFEBD2B1718AD00267B43 /* MainViewController.swift in Sources */,
				BC7DFEC22B1718D100267B43 /* MainViewModel.swift in Sources */,
				BC7DFED62B17195100267B43 /* UIColorExtension.swift in Sources */,
			);
			runOnlyForDeploymentPostprocessing = 0;
		};
/* End PBXSourcesBuildPhase section */

/* Begin PBXVariantGroup section */
		BC7DFEAF2B17184500267B43 /* LaunchScreen.storyboard */ = {
			isa = PBXVariantGroup;
			children = (
				BC7DFEB02B17184500267B43 /* Base */,
			);
			name = LaunchScreen.storyboard;
			sourceTree = "<group>";
		};
/* End PBXVariantGroup section */

/* Begin XCBuildConfiguration section */
		BC7DFEB32B17184500267B43 /* Debug */ = {
			isa = XCBuildConfiguration;
			buildSettings = {
				ALWAYS_SEARCH_USER_PATHS = NO;
				ASSETCATALOG_COMPILER_GENERATE_SWIFT_ASSET_SYMBOL_EXTENSIONS = YES;
				CLANG_ANALYZER_NONNULL = YES;
				CLANG_ANALYZER_NUMBER_OBJECT_CONVERSION = YES_AGGRESSIVE;
				CLANG_CXX_LANGUAGE_STANDARD = "gnu++20";
				CLANG_ENABLE_MODULES = YES;
				CLANG_ENABLE_OBJC_ARC = YES;
				CLANG_ENABLE_OBJC_WEAK = YES;
				CLANG_WARN_BLOCK_CAPTURE_AUTORELEASING = YES;
				CLANG_WARN_BOOL_CONVERSION = YES;
				CLANG_WARN_COMMA = YES;
				CLANG_WARN_CONSTANT_CONVERSION = YES;
				CLANG_WARN_DEPRECATED_OBJC_IMPLEMENTATIONS = YES;
				CLANG_WARN_DIRECT_OBJC_ISA_USAGE = YES_ERROR;
				CLANG_WARN_DOCUMENTATION_COMMENTS = YES;
				CLANG_WARN_EMPTY_BODY = YES;
				CLANG_WARN_ENUM_CONVERSION = YES;
				CLANG_WARN_INFINITE_RECURSION = YES;
				CLANG_WARN_INT_CONVERSION = YES;
				CLANG_WARN_NON_LITERAL_NULL_CONVERSION = YES;
				CLANG_WARN_OBJC_IMPLICIT_RETAIN_SELF = YES;
				CLANG_WARN_OBJC_LITERAL_CONVERSION = YES;
				CLANG_WARN_OBJC_ROOT_CLASS = YES_ERROR;
				CLANG_WARN_QUOTED_INCLUDE_IN_FRAMEWORK_HEADER = YES;
				CLANG_WARN_RANGE_LOOP_ANALYSIS = YES;
				CLANG_WARN_STRICT_PROTOTYPES = YES;
				CLANG_WARN_SUSPICIOUS_MOVE = YES;
				CLANG_WARN_UNGUARDED_AVAILABILITY = YES_AGGRESSIVE;
				CLANG_WARN_UNREACHABLE_CODE = YES;
				CLANG_WARN__DUPLICATE_METHOD_MATCH = YES;
				COPY_PHASE_STRIP = NO;
				DEBUG_INFORMATION_FORMAT = dwarf;
				ENABLE_STRICT_OBJC_MSGSEND = YES;
				ENABLE_TESTABILITY = YES;
				ENABLE_USER_SCRIPT_SANDBOXING = YES;
				GCC_C_LANGUAGE_STANDARD = gnu17;
				GCC_DYNAMIC_NO_PIC = NO;
				GCC_NO_COMMON_BLOCKS = YES;
				GCC_OPTIMIZATION_LEVEL = 0;
				GCC_PREPROCESSOR_DEFINITIONS = (
					"DEBUG=1",
					"$(inherited)",
				);
				GCC_WARN_64_TO_32_BIT_CONVERSION = YES;
				GCC_WARN_ABOUT_RETURN_TYPE = YES_ERROR;
				GCC_WARN_UNDECLARED_SELECTOR = YES;
				GCC_WARN_UNINITIALIZED_AUTOS = YES_AGGRESSIVE;
				GCC_WARN_UNUSED_FUNCTION = YES;
				GCC_WARN_UNUSED_VARIABLE = YES;
				IPHONEOS_DEPLOYMENT_TARGET = 17.0;
				LOCALIZATION_PREFERS_STRING_CATALOGS = YES;
				MTL_ENABLE_DEBUG_INFO = INCLUDE_SOURCE;
				MTL_FAST_MATH = YES;
				ONLY_ACTIVE_ARCH = YES;
				SDKROOT = iphoneos;
				SWIFT_ACTIVE_COMPILATION_CONDITIONS = "DEBUG $(inherited)";
				SWIFT_OPTIMIZATION_LEVEL = "-Onone";
			};
			name = Debug;
		};
		BC7DFEB42B17184500267B43 /* Release */ = {
			isa = XCBuildConfiguration;
			buildSettings = {
				ALWAYS_SEARCH_USER_PATHS = NO;
				ASSETCATALOG_COMPILER_GENERATE_SWIFT_ASSET_SYMBOL_EXTENSIONS = YES;
				CLANG_ANALYZER_NONNULL = YES;
				CLANG_ANALYZER_NUMBER_OBJECT_CONVERSION = YES_AGGRESSIVE;
				CLANG_CXX_LANGUAGE_STANDARD = "gnu++20";
				CLANG_ENABLE_MODULES = YES;
				CLANG_ENABLE_OBJC_ARC = YES;
				CLANG_ENABLE_OBJC_WEAK = YES;
				CLANG_WARN_BLOCK_CAPTURE_AUTORELEASING = YES;
				CLANG_WARN_BOOL_CONVERSION = YES;
				CLANG_WARN_COMMA = YES;
				CLANG_WARN_CONSTANT_CONVERSION = YES;
				CLANG_WARN_DEPRECATED_OBJC_IMPLEMENTATIONS = YES;
				CLANG_WARN_DIRECT_OBJC_ISA_USAGE = YES_ERROR;
				CLANG_WARN_DOCUMENTATION_COMMENTS = YES;
				CLANG_WARN_EMPTY_BODY = YES;
				CLANG_WARN_ENUM_CONVERSION = YES;
				CLANG_WARN_INFINITE_RECURSION = YES;
				CLANG_WARN_INT_CONVERSION = YES;
				CLANG_WARN_NON_LITERAL_NULL_CONVERSION = YES;
				CLANG_WARN_OBJC_IMPLICIT_RETAIN_SELF = YES;
				CLANG_WARN_OBJC_LITERAL_CONVERSION = YES;
				CLANG_WARN_OBJC_ROOT_CLASS = YES_ERROR;
				CLANG_WARN_QUOTED_INCLUDE_IN_FRAMEWORK_HEADER = YES;
				CLANG_WARN_RANGE_LOOP_ANALYSIS = YES;
				CLANG_WARN_STRICT_PROTOTYPES = YES;
				CLANG_WARN_SUSPICIOUS_MOVE = YES;
				CLANG_WARN_UNGUARDED_AVAILABILITY = YES_AGGRESSIVE;
				CLANG_WARN_UNREACHABLE_CODE = YES;
				CLANG_WARN__DUPLICATE_METHOD_MATCH = YES;
				COPY_PHASE_STRIP = NO;
				DEBUG_INFORMATION_FORMAT = "dwarf-with-dsym";
				ENABLE_NS_ASSERTIONS = NO;
				ENABLE_STRICT_OBJC_MSGSEND = YES;
				ENABLE_USER_SCRIPT_SANDBOXING = YES;
				GCC_C_LANGUAGE_STANDARD = gnu17;
				GCC_NO_COMMON_BLOCKS = YES;
				GCC_WARN_64_TO_32_BIT_CONVERSION = YES;
				GCC_WARN_ABOUT_RETURN_TYPE = YES_ERROR;
				GCC_WARN_UNDECLARED_SELECTOR = YES;
				GCC_WARN_UNINITIALIZED_AUTOS = YES_AGGRESSIVE;
				GCC_WARN_UNUSED_FUNCTION = YES;
				GCC_WARN_UNUSED_VARIABLE = YES;
				IPHONEOS_DEPLOYMENT_TARGET = 17.0;
				LOCALIZATION_PREFERS_STRING_CATALOGS = YES;
				MTL_ENABLE_DEBUG_INFO = NO;
				MTL_FAST_MATH = YES;
				SDKROOT = iphoneos;
				SWIFT_COMPILATION_MODE = wholemodule;
				VALIDATE_PRODUCT = YES;
			};
			name = Release;
		};
		BC7DFEB62B17184500267B43 /* Debug */ = {
			isa = XCBuildConfiguration;
			buildSettings = {
				ASSETCATALOG_COMPILER_APPICON_NAME = AppIcon;
				ASSETCATALOG_COMPILER_GLOBAL_ACCENT_COLOR_NAME = AccentColor;
				CODE_SIGN_STYLE = Automatic;
				CURRENT_PROJECT_VERSION = 1;
				DEVELOPMENT_TEAM = JNC9G3AUW5;
				GENERATE_INFOPLIST_FILE = YES;
				INFOPLIST_FILE = TeknasyonDemo/Info.plist;
				INFOPLIST_KEY_UIApplicationSupportsIndirectInputEvents = YES;
				INFOPLIST_KEY_UILaunchStoryboardName = LaunchScreen;
				INFOPLIST_KEY_UIMainStoryboardFile = Main;
				INFOPLIST_KEY_UISupportedInterfaceOrientations_iPad = "UIInterfaceOrientationPortrait UIInterfaceOrientationPortraitUpsideDown UIInterfaceOrientationLandscapeLeft UIInterfaceOrientationLandscapeRight";
				INFOPLIST_KEY_UISupportedInterfaceOrientations_iPhone = "UIInterfaceOrientationPortrait UIInterfaceOrientationLandscapeLeft UIInterfaceOrientationLandscapeRight";
				LD_RUNPATH_SEARCH_PATHS = (
					"$(inherited)",
					"@executable_path/Frameworks",
				);
				MARKETING_VERSION = 1.0;
				PRODUCT_BUNDLE_IDENTIFIER = com.gokhan.TeknasyonDemo;
				PRODUCT_NAME = "$(TARGET_NAME)";
				SWIFT_EMIT_LOC_STRINGS = YES;
				SWIFT_VERSION = 5.0;
				TARGETED_DEVICE_FAMILY = "1,2";
			};
			name = Debug;
		};
		BC7DFEB72B17184500267B43 /* Release */ = {
			isa = XCBuildConfiguration;
			buildSettings = {
				ASSETCATALOG_COMPILER_APPICON_NAME = AppIcon;
				ASSETCATALOG_COMPILER_GLOBAL_ACCENT_COLOR_NAME = AccentColor;
				CODE_SIGN_STYLE = Automatic;
				CURRENT_PROJECT_VERSION = 1;
				DEVELOPMENT_TEAM = JNC9G3AUW5;
				GENERATE_INFOPLIST_FILE = YES;
				INFOPLIST_FILE = TeknasyonDemo/Info.plist;
				INFOPLIST_KEY_UIApplicationSupportsIndirectInputEvents = YES;
				INFOPLIST_KEY_UILaunchStoryboardName = LaunchScreen;
				INFOPLIST_KEY_UIMainStoryboardFile = Main;
				INFOPLIST_KEY_UISupportedInterfaceOrientations_iPad = "UIInterfaceOrientationPortrait UIInterfaceOrientationPortraitUpsideDown UIInterfaceOrientationLandscapeLeft UIInterfaceOrientationLandscapeRight";
				INFOPLIST_KEY_UISupportedInterfaceOrientations_iPhone = "UIInterfaceOrientationPortrait UIInterfaceOrientationLandscapeLeft UIInterfaceOrientationLandscapeRight";
				LD_RUNPATH_SEARCH_PATHS = (
					"$(inherited)",
					"@executable_path/Frameworks",
				);
				MARKETING_VERSION = 1.0;
				PRODUCT_BUNDLE_IDENTIFIER = com.gokhan.TeknasyonDemo;
				PRODUCT_NAME = "$(TARGET_NAME)";
				SWIFT_EMIT_LOC_STRINGS = YES;
				SWIFT_VERSION = 5.0;
				TARGETED_DEVICE_FAMILY = "1,2";
			};
			name = Release;
		};
/* End XCBuildConfiguration section */

/* Begin XCConfigurationList section */
		BC7DFE9C2B17184300267B43 /* Build configuration list for PBXProject "TeknasyonDemo" */ = {
			isa = XCConfigurationList;
			buildConfigurations = (
				BC7DFEB32B17184500267B43 /* Debug */,
				BC7DFEB42B17184500267B43 /* Release */,
			);
			defaultConfigurationIsVisible = 0;
			defaultConfigurationName = Release;
		};
		BC7DFEB52B17184500267B43 /* Build configuration list for PBXNativeTarget "TeknasyonDemo" */ = {
			isa = XCConfigurationList;
			buildConfigurations = (
				BC7DFEB62B17184500267B43 /* Debug */,
				BC7DFEB72B17184500267B43 /* Release */,
			);
			defaultConfigurationIsVisible = 0;
			defaultConfigurationName = Release;
		};
/* End XCConfigurationList section */

/* Begin XCRemoteSwiftPackageReference section */
		BC7DFED72B171AE000267B43 /* XCRemoteSwiftPackageReference "Alamofire" */ = {
			isa = XCRemoteSwiftPackageReference;
			repositoryURL = "https://github.com/Alamofire/Alamofire.git";
			requirement = {
				kind = upToNextMajorVersion;
				minimumVersion = 5.8.1;
			};
		};
		BC7DFEDA2B171AEC00267B43 /* XCRemoteSwiftPackageReference "SDWebImage" */ = {
			isa = XCRemoteSwiftPackageReference;
			repositoryURL = "https://github.com/SDWebImage/SDWebImage.git";
			requirement = {
				kind = upToNextMajorVersion;
				minimumVersion = 5.18.5;
			};
		};
		BC7DFEDF2B171B3200267B43 /* XCRemoteSwiftPackageReference "RxSwift" */ = {
			isa = XCRemoteSwiftPackageReference;
			repositoryURL = "https://github.com/ReactiveX/RxSwift.git";
			requirement = {
				kind = upToNextMajorVersion;
				minimumVersion = 6.6.0;
			};
		};
/* End XCRemoteSwiftPackageReference section */

/* Begin XCSwiftPackageProductDependency section */
		BC7DFED82B171AE000267B43 /* Alamofire */ = {
			isa = XCSwiftPackageProductDependency;
			package = BC7DFED72B171AE000267B43 /* XCRemoteSwiftPackageReference "Alamofire" */;
			productName = Alamofire;
		};
		BC7DFEDB2B171AEC00267B43 /* SDWebImage */ = {
			isa = XCSwiftPackageProductDependency;
			package = BC7DFEDA2B171AEC00267B43 /* XCRemoteSwiftPackageReference "SDWebImage" */;
			productName = SDWebImage;
		};
		BC7DFEDD2B171AEC00267B43 /* SDWebImageMapKit */ = {
			isa = XCSwiftPackageProductDependency;
			package = BC7DFEDA2B171AEC00267B43 /* XCRemoteSwiftPackageReference "SDWebImage" */;
			productName = SDWebImageMapKit;
		};
		BC7DFEE02B171B3200267B43 /* RxBlocking */ = {
			isa = XCSwiftPackageProductDependency;
			package = BC7DFEDF2B171B3200267B43 /* XCRemoteSwiftPackageReference "RxSwift" */;
			productName = RxBlocking;
		};
		BC7DFEE22B171B3200267B43 /* RxBlocking-Dynamic */ = {
			isa = XCSwiftPackageProductDependency;
			package = BC7DFEDF2B171B3200267B43 /* XCRemoteSwiftPackageReference "RxSwift" */;
			productName = "RxBlocking-Dynamic";
		};
		BC7DFEE42B171B3200267B43 /* RxCocoa */ = {
			isa = XCSwiftPackageProductDependency;
			package = BC7DFEDF2B171B3200267B43 /* XCRemoteSwiftPackageReference "RxSwift" */;
			productName = RxCocoa;
		};
		BC7DFEE62B171B3200267B43 /* RxCocoa-Dynamic */ = {
			isa = XCSwiftPackageProductDependency;
			package = BC7DFEDF2B171B3200267B43 /* XCRemoteSwiftPackageReference "RxSwift" */;
			productName = "RxCocoa-Dynamic";
		};
		BC7DFEE82B171B3200267B43 /* RxRelay */ = {
			isa = XCSwiftPackageProductDependency;
			package = BC7DFEDF2B171B3200267B43 /* XCRemoteSwiftPackageReference "RxSwift" */;
			productName = RxRelay;
		};
/* End XCSwiftPackageProductDependency section */
	};
	rootObject = BC7DFE992B17184300267B43 /* Project object */;
}
